
Microsoft Visual Studio Solution File, Format Version 12.00
# Visual Studio 15
VisualStudioVersion = 15.0.28307.902
MinimumVisualStudioVersion = 10.0.40219.1
Project("{FAE04EC0-301F-11D3-BF4B-00C04F79EFBC}") = "Restful", "Restful\Restful.csproj", "{F0D9F2AC-63B5-4E34-B82F-020E4FD19921}"
EndProject
Global
	GlobalSection(SolutionConfigurationPlatforms) = preSolution
		Debug|Any CPU = Debug|Any CPU
		Release|Any CPU = Release|Any CPU
	EndGlobalSection
	GlobalSection(ProjectConfigurationPlatforms) = postSolution
		{F0D9F2AC-63B5-4E34-B82F-020E4FD19921}.Debug|Any CPU.ActiveCfg = Debug|Any CPU
		{F0D9F2AC-63B5-4E34-B82F-020E4FD19921}.Debug|Any CPU.Build.0 = Debug|Any CPU
		{F0D9F2AC-63B5-4E34-B82F-020E4FD19921}.Release|Any CPU.ActiveCfg = Release|Any CPU
		{F0D9F2AC-63B5-4E34-B82F-020E4FD19921}.Release|Any CPU.Build.0 = Release|Any CPU
	EndGlobalSection
	GlobalSection(SolutionProperties) = preSolution
		HideSolutionNode = FALSE
	EndGlobalSection
	GlobalSection(ExtensibilityGlobals) = postSolution
		SolutionGuid = {AE802512-E55E-4EC4-AD02-4F52A0969924}
	EndGlobalSection
EndGlobal
